// !$*UTF8*$!
{
	archiveVersion = 1;
	classes = {
	};
	objectVersion = 56;
	objects = {

/* Begin PBXBuildFile section */
		A026D9F12B0D093300161689 /* AppDelegate.swift in Sources */ = {isa = PBXBuildFile; fileRef = A026D9F02B0D093300161689 /* AppDelegate.swift */; };
		A026D9F32B0D093300161689 /* SceneDelegate.swift in Sources */ = {isa = PBXBuildFile; fileRef = A026D9F22B0D093300161689 /* SceneDelegate.swift */; };
		A026D9FA2B0D093400161689 /* Assets.xcassets in Resources */ = {isa = PBXBuildFile; fileRef = A026D9F92B0D093400161689 /* Assets.xcassets */; };
		A026D9FD2B0D093400161689 /* LaunchScreen.storyboard in Resources */ = {isa = PBXBuildFile; fileRef = A026D9FB2B0D093400161689 /* LaunchScreen.storyboard */; };
		A026DA062B0D0AAD00161689 /* ForgotPasswordController.swift in Sources */ = {isa = PBXBuildFile; fileRef = A026DA052B0D0AAD00161689 /* ForgotPasswordController.swift */; };
		A026DA082B0D0AC400161689 /* LoginController.swift in Sources */ = {isa = PBXBuildFile; fileRef = A026DA072B0D0AC300161689 /* LoginController.swift */; };
		A026DA0A2B0D0AD700161689 /* RegisterController.swift in Sources */ = {isa = PBXBuildFile; fileRef = A026DA092B0D0AD700161689 /* RegisterController.swift */; };
		A026DA0C2B0D0B0A00161689 /* HomeController.swift in Sources */ = {isa = PBXBuildFile; fileRef = A026DA0B2B0D0B0A00161689 /* HomeController.swift */; };
		A026DA0F2B0D110500161689 /* AuthHeaderView.swift in Sources */ = {isa = PBXBuildFile; fileRef = A026DA0E2B0D110500161689 /* AuthHeaderView.swift */; };
		A0400B502B0FD2A500CEF38F /* WarehouseViewController.swift in Sources */ = {isa = PBXBuildFile; fileRef = A0400B4F2B0FD2A500CEF38F /* WarehouseViewController.swift */; };
		A0400B522B0FF2A300CEF38F /* WarehouseEditorViewController.swift in Sources */ = {isa = PBXBuildFile; fileRef = A0400B512B0FF2A300CEF38F /* WarehouseEditorViewController.swift */; };
		A04125B52B0E1C3400DA9063 /* CustomTextField.swift in Sources */ = {isa = PBXBuildFile; fileRef = A04125B42B0E1C3400DA9063 /* CustomTextField.swift */; };
		A04125B72B0E215400DA9063 /* CustomButton.swift in Sources */ = {isa = PBXBuildFile; fileRef = A04125B62B0E215400DA9063 /* CustomButton.swift */; };
		A04125B92B0E30DC00DA9063 /* WebViewerController.swift in Sources */ = {isa = PBXBuildFile; fileRef = A04125B82B0E30DC00DA9063 /* WebViewerController.swift */; };
		A07DB03B2B0F5789005FF15B /* Validator.swift in Sources */ = {isa = PBXBuildFile; fileRef = A07DB03A2B0F5789005FF15B /* Validator.swift */; };
		A0953B842B0E96B40095A0FA /* AlertManager.swift in Sources */ = {isa = PBXBuildFile; fileRef = A0953B832B0E96B40095A0FA /* AlertManager.swift */; };
		A0953B862B0EA7CD0095A0FA /* GoogleService-Info.plist in Resources */ = {isa = PBXBuildFile; fileRef = A0953B852B0EA7CD0095A0FA /* GoogleService-Info.plist */; };
		A0953B892B0EA8DB0095A0FA /* FirebaseAnalytics in Frameworks */ = {isa = PBXBuildFile; productRef = A0953B882B0EA8DB0095A0FA /* FirebaseAnalytics */; };
		A0953B8B2B0EA8DB0095A0FA /* FirebaseAnalyticsOnDeviceConversion in Frameworks */ = {isa = PBXBuildFile; productRef = A0953B8A2B0EA8DB0095A0FA /* FirebaseAnalyticsOnDeviceConversion */; };
		A0953B8D2B0EA8DB0095A0FA /* FirebaseAnalyticsSwift in Frameworks */ = {isa = PBXBuildFile; productRef = A0953B8C2B0EA8DB0095A0FA /* FirebaseAnalyticsSwift */; };
		A0953B8F2B0EA8DB0095A0FA /* FirebaseAnalyticsWithoutAdIdSupport in Frameworks */ = {isa = PBXBuildFile; productRef = A0953B8E2B0EA8DB0095A0FA /* FirebaseAnalyticsWithoutAdIdSupport */; };
		A0953B912B0EA8DB0095A0FA /* FirebaseAppCheck in Frameworks */ = {isa = PBXBuildFile; productRef = A0953B902B0EA8DB0095A0FA /* FirebaseAppCheck */; };
		A0953B942B0EA8E80095A0FA /* FirebaseAuth in Frameworks */ = {isa = PBXBuildFile; productRef = A0953B932B0EA8E80095A0FA /* FirebaseAuth */; };
		A0953B962B0EA9240095A0FA /* FirebaseFirestore in Frameworks */ = {isa = PBXBuildFile; productRef = A0953B952B0EA9240095A0FA /* FirebaseFirestore */; };
		A0953B982B0EA92D0095A0FA /* FirebaseStorage in Frameworks */ = {isa = PBXBuildFile; productRef = A0953B972B0EA92D0095A0FA /* FirebaseStorage */; };
		A0953B9A2B0EAE410095A0FA /* AuthService.swift in Sources */ = {isa = PBXBuildFile; fileRef = A0953B992B0EAE410095A0FA /* AuthService.swift */; };
		A0953B9D2B0EAF710095A0FA /* RegisterUserRequest.swift in Sources */ = {isa = PBXBuildFile; fileRef = A0953B9C2B0EAF710095A0FA /* RegisterUserRequest.swift */; };
		A0953B9F2B0EB8DC0095A0FA /* LoginUserRequest.swift in Sources */ = {isa = PBXBuildFile; fileRef = A0953B9E2B0EB8DC0095A0FA /* LoginUserRequest.swift */; };
		A0A364672B0F8231007A7043 /* User.swift in Sources */ = {isa = PBXBuildFile; fileRef = A0A364662B0F8231007A7043 /* User.swift */; };
/* End PBXBuildFile section */

/* Begin PBXFileReference section */
		A026D9ED2B0D093300161689 /* CourseWork2.0.app */ = {isa = PBXFileReference; explicitFileType = wrapper.application; includeInIndex = 0; path = CourseWork2.0.app; sourceTree = BUILT_PRODUCTS_DIR; };
		A026D9F02B0D093300161689 /* AppDelegate.swift */ = {isa = PBXFileReference; lastKnownFileType = sourcecode.swift; path = AppDelegate.swift; sourceTree = "<group>"; };
		A026D9F22B0D093300161689 /* SceneDelegate.swift */ = {isa = PBXFileReference; lastKnownFileType = sourcecode.swift; path = SceneDelegate.swift; sourceTree = "<group>"; };
		A026D9F92B0D093400161689 /* Assets.xcassets */ = {isa = PBXFileReference; lastKnownFileType = folder.assetcatalog; path = Assets.xcassets; sourceTree = "<group>"; };
		A026D9FC2B0D093400161689 /* Base */ = {isa = PBXFileReference; lastKnownFileType = file.storyboard; name = Base; path = Base.lproj/LaunchScreen.storyboard; sourceTree = "<group>"; };
		A026D9FE2B0D093400161689 /* Info.plist */ = {isa = PBXFileReference; lastKnownFileType = text.plist.xml; path = Info.plist; sourceTree = "<group>"; };
		A026DA052B0D0AAD00161689 /* ForgotPasswordController.swift */ = {isa = PBXFileReference; lastKnownFileType = sourcecode.swift; path = ForgotPasswordController.swift; sourceTree = "<group>"; };
		A026DA072B0D0AC300161689 /* LoginController.swift */ = {isa = PBXFileReference; lastKnownFileType = sourcecode.swift; path = LoginController.swift; sourceTree = "<group>"; };
		A026DA092B0D0AD700161689 /* RegisterController.swift */ = {isa = PBXFileReference; lastKnownFileType = sourcecode.swift; path = RegisterController.swift; sourceTree = "<group>"; };
		A026DA0B2B0D0B0A00161689 /* HomeController.swift */ = {isa = PBXFileReference; lastKnownFileType = sourcecode.swift; path = HomeController.swift; sourceTree = "<group>"; };
		A026DA0E2B0D110500161689 /* AuthHeaderView.swift */ = {isa = PBXFileReference; lastKnownFileType = sourcecode.swift; path = AuthHeaderView.swift; sourceTree = "<group>"; };
		A0400B4F2B0FD2A500CEF38F /* WarehouseViewController.swift */ = {isa = PBXFileReference; lastKnownFileType = sourcecode.swift; path = WarehouseViewController.swift; sourceTree = "<group>"; };
		A0400B512B0FF2A300CEF38F /* WarehouseEditorViewController.swift */ = {isa = PBXFileReference; lastKnownFileType = sourcecode.swift; path = WarehouseEditorViewController.swift; sourceTree = "<group>"; };
		A04125B42B0E1C3400DA9063 /* CustomTextField.swift */ = {isa = PBXFileReference; lastKnownFileType = sourcecode.swift; path = CustomTextField.swift; sourceTree = "<group>"; };
		A04125B62B0E215400DA9063 /* CustomButton.swift */ = {isa = PBXFileReference; lastKnownFileType = sourcecode.swift; path = CustomButton.swift; sourceTree = "<group>"; };
		A04125B82B0E30DC00DA9063 /* WebViewerController.swift */ = {isa = PBXFileReference; lastKnownFileType = sourcecode.swift; path = WebViewerController.swift; sourceTree = "<group>"; };
		A07DB03A2B0F5789005FF15B /* Validator.swift */ = {isa = PBXFileReference; lastKnownFileType = sourcecode.swift; path = Validator.swift; sourceTree = "<group>"; };
		A0953B832B0E96B40095A0FA /* AlertManager.swift */ = {isa = PBXFileReference; lastKnownFileType = sourcecode.swift; path = AlertManager.swift; sourceTree = "<group>"; };
		A0953B852B0EA7CD0095A0FA /* GoogleService-Info.plist */ = {isa = PBXFileReference; fileEncoding = 4; lastKnownFileType = text.plist.xml; path = "GoogleService-Info.plist"; sourceTree = "<group>"; };
		A0953B992B0EAE410095A0FA /* AuthService.swift */ = {isa = PBXFileReference; lastKnownFileType = sourcecode.swift; path = AuthService.swift; sourceTree = "<group>"; };
		A0953B9C2B0EAF710095A0FA /* RegisterUserRequest.swift */ = {isa = PBXFileReference; lastKnownFileType = sourcecode.swift; path = RegisterUserRequest.swift; sourceTree = "<group>"; };
		A0953B9E2B0EB8DC0095A0FA /* LoginUserRequest.swift */ = {isa = PBXFileReference; lastKnownFileType = sourcecode.swift; path = LoginUserRequest.swift; sourceTree = "<group>"; };
		A0A364662B0F8231007A7043 /* User.swift */ = {isa = PBXFileReference; lastKnownFileType = sourcecode.swift; path = User.swift; sourceTree = "<group>"; };
/* End PBXFileReference section */

/* Begin PBXFrameworksBuildPhase section */
		A026D9EA2B0D093300161689 /* Frameworks */ = {
			isa = PBXFrameworksBuildPhase;
			buildActionMask = 2147483647;
			files = (
				A0953B8D2B0EA8DB0095A0FA /* FirebaseAnalyticsSwift in Frameworks */,
				A0953B942B0EA8E80095A0FA /* FirebaseAuth in Frameworks */,
				A0953B892B0EA8DB0095A0FA /* FirebaseAnalytics in Frameworks */,
				A0953B8B2B0EA8DB0095A0FA /* FirebaseAnalyticsOnDeviceConversion in Frameworks */,
				A0953B912B0EA8DB0095A0FA /* FirebaseAppCheck in Frameworks */,
				A0953B982B0EA92D0095A0FA /* FirebaseStorage in Frameworks */,
				A0953B8F2B0EA8DB0095A0FA /* FirebaseAnalyticsWithoutAdIdSupport in Frameworks */,
				A0953B962B0EA9240095A0FA /* FirebaseFirestore in Frameworks */,
			);
			runOnlyForDeploymentPostprocessing = 0;
		};
/* End PBXFrameworksBuildPhase section */

/* Begin PBXGroup section */
		A026D9E42B0D093300161689 = {
			isa = PBXGroup;
			children = (
				A026D9EF2B0D093300161689 /* CourseWork2.0 */,
				A026D9EE2B0D093300161689 /* Products */,
				A0953B922B0EA8E80095A0FA /* Frameworks */,
			);
			sourceTree = "<group>";
		};
		A026D9EE2B0D093300161689 /* Products */ = {
			isa = PBXGroup;
			children = (
				A026D9ED2B0D093300161689 /* CourseWork2.0.app */,
			);
			name = Products;
			sourceTree = "<group>";
		};
		A026D9EF2B0D093300161689 /* CourseWork2.0 */ = {
			isa = PBXGroup;
			children = (
				A0953B9B2B0EAF350095A0FA /* Models */,
				A0953B822B0E968E0095A0FA /* Controllers */,
				A026DA0D2B0D0B4900161689 /* Views */,
				A026DA042B0D0A6700161689 /* Supporting */,
				A026D9FE2B0D093400161689 /* Info.plist */,
			);
			path = CourseWork2.0;
			sourceTree = "<group>";
		};
		A026DA042B0D0A6700161689 /* Supporting */ = {
			isa = PBXGroup;
			children = (
				A0953B852B0EA7CD0095A0FA /* GoogleService-Info.plist */,
				A026D9F02B0D093300161689 /* AppDelegate.swift */,
				A026D9F22B0D093300161689 /* SceneDelegate.swift */,
				A026D9F92B0D093400161689 /* Assets.xcassets */,
				A026D9FB2B0D093400161689 /* LaunchScreen.storyboard */,
			);
			path = Supporting;
			sourceTree = "<group>";
		};
		A026DA0D2B0D0B4900161689 /* Views */ = {
			isa = PBXGroup;
			children = (
				A0953B832B0E96B40095A0FA /* AlertManager.swift */,
				A0953B992B0EAE410095A0FA /* AuthService.swift */,
				A07DB03A2B0F5789005FF15B /* Validator.swift */,
				A026DA0E2B0D110500161689 /* AuthHeaderView.swift */,
				A04125B42B0E1C3400DA9063 /* CustomTextField.swift */,
				A04125B62B0E215400DA9063 /* CustomButton.swift */,
			);
			path = Views;
			sourceTree = "<group>";
		};
		A0953B822B0E968E0095A0FA /* Controllers */ = {
			isa = PBXGroup;
			children = (
				A04125B82B0E30DC00DA9063 /* WebViewerController.swift */,
				A026DA052B0D0AAD00161689 /* ForgotPasswordController.swift */,
				A026DA0B2B0D0B0A00161689 /* HomeController.swift */,
				A026DA092B0D0AD700161689 /* RegisterController.swift */,
				A026DA072B0D0AC300161689 /* LoginController.swift */,
				A0400B4F2B0FD2A500CEF38F /* WarehouseViewController.swift */,
				A0400B512B0FF2A300CEF38F /* WarehouseEditorViewController.swift */,
			);
			path = Controllers;
			sourceTree = "<group>";
		};
		A0953B922B0EA8E80095A0FA /* Frameworks */ = {
			isa = PBXGroup;
			children = (
			);
			name = Frameworks;
			sourceTree = "<group>";
		};
		A0953B9B2B0EAF350095A0FA /* Models */ = {
			isa = PBXGroup;
			children = (
				A0953B9C2B0EAF710095A0FA /* RegisterUserRequest.swift */,
				A0953B9E2B0EB8DC0095A0FA /* LoginUserRequest.swift */,
				A0A364662B0F8231007A7043 /* User.swift */,
			);
			path = Models;
			sourceTree = "<group>";
		};
/* End PBXGroup section */

/* Begin PBXNativeTarget section */
		A026D9EC2B0D093300161689 /* CourseWork2.0 */ = {
			isa = PBXNativeTarget;
			buildConfigurationList = A026DA012B0D093400161689 /* Build configuration list for PBXNativeTarget "CourseWork2.0" */;
			buildPhases = (
				A026D9E92B0D093300161689 /* Sources */,
				A026D9EA2B0D093300161689 /* Frameworks */,
				A026D9EB2B0D093300161689 /* Resources */,
			);
			buildRules = (
			);
			dependencies = (
			);
			name = CourseWork2.0;
			packageProductDependencies = (
				A0953B882B0EA8DB0095A0FA /* FirebaseAnalytics */,
				A0953B8A2B0EA8DB0095A0FA /* FirebaseAnalyticsOnDeviceConversion */,
				A0953B8C2B0EA8DB0095A0FA /* FirebaseAnalyticsSwift */,
				A0953B8E2B0EA8DB0095A0FA /* FirebaseAnalyticsWithoutAdIdSupport */,
				A0953B902B0EA8DB0095A0FA /* FirebaseAppCheck */,
				A0953B932B0EA8E80095A0FA /* FirebaseAuth */,
				A0953B952B0EA9240095A0FA /* FirebaseFirestore */,
				A0953B972B0EA92D0095A0FA /* FirebaseStorage */,
			);
			productName = CourseWork2.0;
			productReference = A026D9ED2B0D093300161689 /* CourseWork2.0.app */;
			productType = "com.apple.product-type.application";
		};
/* End PBXNativeTarget section */

/* Begin PBXProject section */
		A026D9E52B0D093300161689 /* Project object */ = {
			isa = PBXProject;
			attributes = {
				BuildIndependentTargetsInParallel = 1;
				LastSwiftUpdateCheck = 1500;
				LastUpgradeCheck = 1500;
				TargetAttributes = {
					A026D9EC2B0D093300161689 = {
						CreatedOnToolsVersion = 15.0.1;
					};
				};
			};
			buildConfigurationList = A026D9E82B0D093300161689 /* Build configuration list for PBXProject "CourseWork2.0" */;
			compatibilityVersion = "Xcode 14.0";
			developmentRegion = en;
			hasScannedForEncodings = 0;
			knownRegions = (
				en,
				Base,
			);
			mainGroup = A026D9E42B0D093300161689;
			packageReferences = (
				A0953B872B0EA8DB0095A0FA /* XCRemoteSwiftPackageReference "firebase-ios-sdk" */,
			);
			productRefGroup = A026D9EE2B0D093300161689 /* Products */;
			projectDirPath = "";
			projectRoot = "";
			targets = (
				A026D9EC2B0D093300161689 /* CourseWork2.0 */,
			);
		};
/* End PBXProject section */

/* Begin PBXResourcesBuildPhase section */
		A026D9EB2B0D093300161689 /* Resources */ = {
			isa = PBXResourcesBuildPhase;
			buildActionMask = 2147483647;
			files = (
				A026D9FD2B0D093400161689 /* LaunchScreen.storyboard in Resources */,
				A026D9FA2B0D093400161689 /* Assets.xcassets in Resources */,
				A0953B862B0EA7CD0095A0FA /* GoogleService-Info.plist in Resources */,
			);
			runOnlyForDeploymentPostprocessing = 0;
		};
/* End PBXResourcesBuildPhase section */

/* Begin PBXSourcesBuildPhase section */
		A026D9E92B0D093300161689 /* Sources */ = {
			isa = PBXSourcesBuildPhase;
			buildActionMask = 2147483647;
			files = (
				A026DA062B0D0AAD00161689 /* ForgotPasswordController.swift in Sources */,
				A0953B842B0E96B40095A0FA /* AlertManager.swift in Sources */,
				A0400B502B0FD2A500CEF38F /* WarehouseViewController.swift in Sources */,
				A026DA0C2B0D0B0A00161689 /* HomeController.swift in Sources */,
				A0953B9A2B0EAE410095A0FA /* AuthService.swift in Sources */,
				A0400B522B0FF2A300CEF38F /* WarehouseEditorViewController.swift in Sources */,
				A0A364672B0F8231007A7043 /* User.swift in Sources */,
				A0953B9F2B0EB8DC0095A0FA /* LoginUserRequest.swift in Sources */,
				A04125B72B0E215400DA9063 /* CustomButton.swift in Sources */,
				A026DA0A2B0D0AD700161689 /* RegisterController.swift in Sources */,
				A07DB03B2B0F5789005FF15B /* Validator.swift in Sources */,
				A026D9F12B0D093300161689 /* AppDelegate.swift in Sources */,
				A04125B52B0E1C3400DA9063 /* CustomTextField.swift in Sources */,
				A0953B9D2B0EAF710095A0FA /* RegisterUserRequest.swift in Sources */,
				A026D9F32B0D093300161689 /* SceneDelegate.swift in Sources */,
				A026DA082B0D0AC400161689 /* LoginController.swift in Sources */,
				A04125B92B0E30DC00DA9063 /* WebViewerController.swift in Sources */,
				A026DA0F2B0D110500161689 /* AuthHeaderView.swift in Sources */,
			);
			runOnlyForDeploymentPostprocessing = 0;
		};
/* End PBXSourcesBuildPhase section */

/* Begin PBXVariantGroup section */
		A026D9FB2B0D093400161689 /* LaunchScreen.storyboard */ = {
			isa = PBXVariantGroup;
			children = (
				A026D9FC2B0D093400161689 /* Base */,
			);
			name = LaunchScreen.storyboard;
			sourceTree = "<group>";
		};
/* End PBXVariantGroup section */

/* Begin XCBuildConfiguration section */
		A026D9FF2B0D093400161689 /* Debug */ = {
			isa = XCBuildConfiguration;
			buildSettings = {
				ALWAYS_SEARCH_USER_PATHS = NO;
				ASSETCATALOG_COMPILER_GENERATE_SWIFT_ASSET_SYMBOL_EXTENSIONS = YES;
				CLANG_ANALYZER_NONNULL = YES;
				CLANG_ANALYZER_NUMBER_OBJECT_CONVERSION = YES_AGGRESSIVE;
				CLANG_CXX_LANGUAGE_STANDARD = "gnu++20";
				CLANG_ENABLE_MODULES = YES;
				CLANG_ENABLE_OBJC_ARC = YES;
				CLANG_ENABLE_OBJC_WEAK = YES;
				CLANG_WARN_BLOCK_CAPTURE_AUTORELEASING = YES;
				CLANG_WARN_BOOL_CONVERSION = YES;
				CLANG_WARN_COMMA = YES;
				CLANG_WARN_CONSTANT_CONVERSION = YES;
				CLANG_WARN_DEPRECATED_OBJC_IMPLEMENTATIONS = YES;
				CLANG_WARN_DIRECT_OBJC_ISA_USAGE = YES_ERROR;
				CLANG_WARN_DOCUMENTATION_COMMENTS = YES;
				CLANG_WARN_EMPTY_BODY = YES;
				CLANG_WARN_ENUM_CONVERSION = YES;
				CLANG_WARN_INFINITE_RECURSION = YES;
				CLANG_WARN_INT_CONVERSION = YES;
				CLANG_WARN_NON_LITERAL_NULL_CONVERSION = YES;
				CLANG_WARN_OBJC_IMPLICIT_RETAIN_SELF = YES;
				CLANG_WARN_OBJC_LITERAL_CONVERSION = YES;
				CLANG_WARN_OBJC_ROOT_CLASS = YES_ERROR;
				CLANG_WARN_QUOTED_INCLUDE_IN_FRAMEWORK_HEADER = YES;
				CLANG_WARN_RANGE_LOOP_ANALYSIS = YES;
				CLANG_WARN_STRICT_PROTOTYPES = YES;
				CLANG_WARN_SUSPICIOUS_MOVE = YES;
				CLANG_WARN_UNGUARDED_AVAILABILITY = YES_AGGRESSIVE;
				CLANG_WARN_UNREACHABLE_CODE = YES;
				CLANG_WARN__DUPLICATE_METHOD_MATCH = YES;
				COPY_PHASE_STRIP = NO;
				DEBUG_INFORMATION_FORMAT = dwarf;
				ENABLE_STRICT_OBJC_MSGSEND = YES;
				ENABLE_TESTABILITY = YES;
				ENABLE_USER_SCRIPT_SANDBOXING = YES;
				GCC_C_LANGUAGE_STANDARD = gnu17;
				GCC_DYNAMIC_NO_PIC = NO;
				GCC_NO_COMMON_BLOCKS = YES;
				GCC_OPTIMIZATION_LEVEL = 0;
				GCC_PREPROCESSOR_DEFINITIONS = (
					"DEBUG=1",
					"$(inherited)",
				);
				GCC_WARN_64_TO_32_BIT_CONVERSION = YES;
				GCC_WARN_ABOUT_RETURN_TYPE = YES_ERROR;
				GCC_WARN_UNDECLARED_SELECTOR = YES;
				GCC_WARN_UNINITIALIZED_AUTOS = YES_AGGRESSIVE;
				GCC_WARN_UNUSED_FUNCTION = YES;
				GCC_WARN_UNUSED_VARIABLE = YES;
				IPHONEOS_DEPLOYMENT_TARGET = 13.0;
				LOCALIZATION_PREFERS_STRING_CATALOGS = YES;
				MTL_ENABLE_DEBUG_INFO = INCLUDE_SOURCE;
				MTL_FAST_MATH = YES;
				ONLY_ACTIVE_ARCH = YES;
				SDKROOT = iphoneos;
				SWIFT_ACTIVE_COMPILATION_CONDITIONS = "DEBUG $(inherited)";
				SWIFT_OPTIMIZATION_LEVEL = "-Onone";
			};
			name = Debug;
		};
		A026DA002B0D093400161689 /* Release */ = {
			isa = XCBuildConfiguration;
			buildSettings = {
				ALWAYS_SEARCH_USER_PATHS = NO;
				ASSETCATALOG_COMPILER_GENERATE_SWIFT_ASSET_SYMBOL_EXTENSIONS = YES;
				CLANG_ANALYZER_NONNULL = YES;
				CLANG_ANALYZER_NUMBER_OBJECT_CONVERSION = YES_AGGRESSIVE;
				CLANG_CXX_LANGUAGE_STANDARD = "gnu++20";
				CLANG_ENABLE_MODULES = YES;
				CLANG_ENABLE_OBJC_ARC = YES;
				CLANG_ENABLE_OBJC_WEAK = YES;
				CLANG_WARN_BLOCK_CAPTURE_AUTORELEASING = YES;
				CLANG_WARN_BOOL_CONVERSION = YES;
				CLANG_WARN_COMMA = YES;
				CLANG_WARN_CONSTANT_CONVERSION = YES;
				CLANG_WARN_DEPRECATED_OBJC_IMPLEMENTATIONS = YES;
				CLANG_WARN_DIRECT_OBJC_ISA_USAGE = YES_ERROR;
				CLANG_WARN_DOCUMENTATION_COMMENTS = YES;
				CLANG_WARN_EMPTY_BODY = YES;
				CLANG_WARN_ENUM_CONVERSION = YES;
				CLANG_WARN_INFINITE_RECURSION = YES;
				CLANG_WARN_INT_CONVERSION = YES;
				CLANG_WARN_NON_LITERAL_NULL_CONVERSION = YES;
				CLANG_WARN_OBJC_IMPLICIT_RETAIN_SELF = YES;
				CLANG_WARN_OBJC_LITERAL_CONVERSION = YES;
				CLANG_WARN_OBJC_ROOT_CLASS = YES_ERROR;
				CLANG_WARN_QUOTED_INCLUDE_IN_FRAMEWORK_HEADER = YES;
				CLANG_WARN_RANGE_LOOP_ANALYSIS = YES;
				CLANG_WARN_STRICT_PROTOTYPES = YES;
				CLANG_WARN_SUSPICIOUS_MOVE = YES;
				CLANG_WARN_UNGUARDED_AVAILABILITY = YES_AGGRESSIVE;
				CLANG_WARN_UNREACHABLE_CODE = YES;
				CLANG_WARN__DUPLICATE_METHOD_MATCH = YES;
				COPY_PHASE_STRIP = NO;
				DEBUG_INFORMATION_FORMAT = "dwarf-with-dsym";
				ENABLE_NS_ASSERTIONS = NO;
				ENABLE_STRICT_OBJC_MSGSEND = YES;
				ENABLE_USER_SCRIPT_SANDBOXING = YES;
				GCC_C_LANGUAGE_STANDARD = gnu17;
				GCC_NO_COMMON_BLOCKS = YES;
				GCC_WARN_64_TO_32_BIT_CONVERSION = YES;
				GCC_WARN_ABOUT_RETURN_TYPE = YES_ERROR;
				GCC_WARN_UNDECLARED_SELECTOR = YES;
				GCC_WARN_UNINITIALIZED_AUTOS = YES_AGGRESSIVE;
				GCC_WARN_UNUSED_FUNCTION = YES;
				GCC_WARN_UNUSED_VARIABLE = YES;
				IPHONEOS_DEPLOYMENT_TARGET = 13.0;
				LOCALIZATION_PREFERS_STRING_CATALOGS = YES;
				MTL_ENABLE_DEBUG_INFO = NO;
				MTL_FAST_MATH = YES;
				SDKROOT = iphoneos;
				SWIFT_COMPILATION_MODE = wholemodule;
				VALIDATE_PRODUCT = YES;
			};
			name = Release;
		};
		A026DA022B0D093400161689 /* Debug */ = {
			isa = XCBuildConfiguration;
			buildSettings = {
				ASSETCATALOG_COMPILER_APPICON_NAME = AppIcon;
				ASSETCATALOG_COMPILER_GLOBAL_ACCENT_COLOR_NAME = AccentColor;
				CODE_SIGN_STYLE = Automatic;
				CURRENT_PROJECT_VERSION = 1;
				DEVELOPMENT_TEAM = KSKFLS4ZH5;
				GENERATE_INFOPLIST_FILE = YES;
				INFOPLIST_FILE = CourseWork2.0/Info.plist;
				INFOPLIST_KEY_CFBundleDisplayName = CourseWork;
				INFOPLIST_KEY_UIApplicationSupportsIndirectInputEvents = YES;
				INFOPLIST_KEY_UILaunchStoryboardName = LaunchScreen;
				INFOPLIST_KEY_UISupportedInterfaceOrientations = UIInterfaceOrientationPortrait;
				INFOPLIST_KEY_UISupportedInterfaceOrientations_iPad = "UIInterfaceOrientationLandscapeLeft UIInterfaceOrientationLandscapeRight UIInterfaceOrientationPortrait UIInterfaceOrientationPortraitUpsideDown";
				IPHONEOS_DEPLOYMENT_TARGET = 13.0;
				LD_RUNPATH_SEARCH_PATHS = (
					"$(inherited)",
					"@executable_path/Frameworks",
				);
				MARKETING_VERSION = 1.0;
				PRODUCT_BUNDLE_IDENTIFIER = "wupiupi.CourseWork2-0";
				PRODUCT_NAME = "$(TARGET_NAME)";
				SUPPORTED_PLATFORMS = "iphoneos iphonesimulator";
				SUPPORTS_MACCATALYST = NO;
				SUPPORTS_MAC_DESIGNED_FOR_IPHONE_IPAD = NO;
				SWIFT_EMIT_LOC_STRINGS = YES;
				SWIFT_VERSION = 5.0;
				TARGETED_DEVICE_FAMILY = 1;
			};
			name = Debug;
		};
		A026DA032B0D093400161689 /* Release */ = {
			isa = XCBuildConfiguration;
			buildSettings = {
				ASSETCATALOG_COMPILER_APPICON_NAME = AppIcon;
				ASSETCATALOG_COMPILER_GLOBAL_ACCENT_COLOR_NAME = AccentColor;
				CODE_SIGN_STYLE = Automatic;
				CURRENT_PROJECT_VERSION = 1;
				DEVELOPMENT_TEAM = KSKFLS4ZH5;
				GENERATE_INFOPLIST_FILE = YES;
				INFOPLIST_FILE = CourseWork2.0/Info.plist;
				INFOPLIST_KEY_CFBundleDisplayName = CourseWork;
				INFOPLIST_KEY_UIApplicationSupportsIndirectInputEvents = YES;
				INFOPLIST_KEY_UILaunchStoryboardName = LaunchScreen;
				INFOPLIST_KEY_UISupportedInterfaceOrientations = UIInterfaceOrientationPortrait;
				INFOPLIST_KEY_UISupportedInterfaceOrientations_iPad = "UIInterfaceOrientationLandscapeLeft UIInterfaceOrientationLandscapeRight UIInterfaceOrientationPortrait UIInterfaceOrientationPortraitUpsideDown";
				IPHONEOS_DEPLOYMENT_TARGET = 13.0;
				LD_RUNPATH_SEARCH_PATHS = (
					"$(inherited)",
					"@executable_path/Frameworks",
				);
				MARKETING_VERSION = 1.0;
				PRODUCT_BUNDLE_IDENTIFIER = "wupiupi.CourseWork2-0";
				PRODUCT_NAME = "$(TARGET_NAME)";
				SUPPORTED_PLATFORMS = "iphoneos iphonesimulator";
				SUPPORTS_MACCATALYST = NO;
				SUPPORTS_MAC_DESIGNED_FOR_IPHONE_IPAD = NO;
				SWIFT_EMIT_LOC_STRINGS = YES;
				SWIFT_VERSION = 5.0;
				TARGETED_DEVICE_FAMILY = 1;
			};
			name = Release;
		};
/* End XCBuildConfiguration section */

/* Begin XCConfigurationList section */
		A026D9E82B0D093300161689 /* Build configuration list for PBXProject "CourseWork2.0" */ = {
			isa = XCConfigurationList;
			buildConfigurations = (
				A026D9FF2B0D093400161689 /* Debug */,
				A026DA002B0D093400161689 /* Release */,
			);
			defaultConfigurationIsVisible = 0;
			defaultConfigurationName = Release;
		};
		A026DA012B0D093400161689 /* Build configuration list for PBXNativeTarget "CourseWork2.0" */ = {
			isa = XCConfigurationList;
			buildConfigurations = (
				A026DA022B0D093400161689 /* Debug */,
				A026DA032B0D093400161689 /* Release */,
			);
			defaultConfigurationIsVisible = 0;
			defaultConfigurationName = Release;
		};
/* End XCConfigurationList section */

/* Begin XCRemoteSwiftPackageReference section */
		A0953B872B0EA8DB0095A0FA /* XCRemoteSwiftPackageReference "firebase-ios-sdk" */ = {
			isa = XCRemoteSwiftPackageReference;
			repositoryURL = "https://github.com/firebase/firebase-ios-sdk";
			requirement = {
				kind = upToNextMajorVersion;
				minimumVersion = 10.18.0;
			};
		};
/* End XCRemoteSwiftPackageReference section */

/* Begin XCSwiftPackageProductDependency section */
		A0953B882B0EA8DB0095A0FA /* FirebaseAnalytics */ = {
			isa = XCSwiftPackageProductDependency;
			package = A0953B872B0EA8DB0095A0FA /* XCRemoteSwiftPackageReference "firebase-ios-sdk" */;
			productName = FirebaseAnalytics;
		};
		A0953B8A2B0EA8DB0095A0FA /* FirebaseAnalyticsOnDeviceConversion */ = {
			isa = XCSwiftPackageProductDependency;
			package = A0953B872B0EA8DB0095A0FA /* XCRemoteSwiftPackageReference "firebase-ios-sdk" */;
			productName = FirebaseAnalyticsOnDeviceConversion;
		};
		A0953B8C2B0EA8DB0095A0FA /* FirebaseAnalyticsSwift */ = {
			isa = XCSwiftPackageProductDependency;
			package = A0953B872B0EA8DB0095A0FA /* XCRemoteSwiftPackageReference "firebase-ios-sdk" */;
			productName = FirebaseAnalyticsSwift;
		};
		A0953B8E2B0EA8DB0095A0FA /* FirebaseAnalyticsWithoutAdIdSupport */ = {
			isa = XCSwiftPackageProductDependency;
			package = A0953B872B0EA8DB0095A0FA /* XCRemoteSwiftPackageReference "firebase-ios-sdk" */;
			productName = FirebaseAnalyticsWithoutAdIdSupport;
		};
		A0953B902B0EA8DB0095A0FA /* FirebaseAppCheck */ = {
			isa = XCSwiftPackageProductDependency;
			package = A0953B872B0EA8DB0095A0FA /* XCRemoteSwiftPackageReference "firebase-ios-sdk" */;
			productName = FirebaseAppCheck;
		};
		A0953B932B0EA8E80095A0FA /* FirebaseAuth */ = {
			isa = XCSwiftPackageProductDependency;
			package = A0953B872B0EA8DB0095A0FA /* XCRemoteSwiftPackageReference "firebase-ios-sdk" */;
			productName = FirebaseAuth;
		};
		A0953B952B0EA9240095A0FA /* FirebaseFirestore */ = {
			isa = XCSwiftPackageProductDependency;
			package = A0953B872B0EA8DB0095A0FA /* XCRemoteSwiftPackageReference "firebase-ios-sdk" */;
			productName = FirebaseFirestore;
		};
		A0953B972B0EA92D0095A0FA /* FirebaseStorage */ = {
			isa = XCSwiftPackageProductDependency;
			package = A0953B872B0EA8DB0095A0FA /* XCRemoteSwiftPackageReference "firebase-ios-sdk" */;
			productName = FirebaseStorage;
		};
/* End XCSwiftPackageProductDependency section */
	};
	rootObject = A026D9E52B0D093300161689 /* Project object */;
}
